
Microsoft Visual Studio Solution File, Format Version 12.00
# Visual Studio Version 17
VisualStudioVersion = 17.5.33530.505
MinimumVisualStudioVersion = 10.0.40219.1
Project("{2150E333-8FDC-42A3-9474-1A3956D46DE8}") = "UI", "UI", "{B7340AF2-69F2-4AC2-A4A7-BD142773E6C5}"
EndProject
Project("{2150E333-8FDC-42A3-9474-1A3956D46DE8}") = "src", "src", "{37F495D0-E9D8-4D89-BB68-16D7E9E1ADD4}"
EndProject
Project("{2150E333-8FDC-42A3-9474-1A3956D46DE8}") = "Core", "Core", "{EECE4F86-3B9F-48C0-8E87-BA65E004AC4E}"
EndProject
Project("{2150E333-8FDC-42A3-9474-1A3956D46DE8}") = "API", "API", "{C9A665C7-F1AC-4A25-9056-E97AA4752D27}"
EndProject
Project("{2150E333-8FDC-42A3-9474-1A3956D46DE8}") = "Infrastructure", "Infrastructure", "{3A7A8139-C08E-4DFD-A51A-9C7184B50C39}"
EndProject
Project("{2150E333-8FDC-42A3-9474-1A3956D46DE8}") = "test", "test", "{CA2557AD-5422-41C0-BC53-6F24C9BCA2A4}"
EndProject
Project("{9A19103F-16F7-4668-BE54-9A1E7A4F7556}") = "Domain", "Domain\Domain.csproj", "{92BC5426-BC29-40CA-A9CC-1D623EB3D09E}"
EndProject
Project("{9A19103F-16F7-4668-BE54-9A1E7A4F7556}") = "Application", "Application\Application.csproj", "{B8E322F4-3CDC-4CEC-8C36-E1E2EA5CFCC9}"
EndProject
Project("{9A19103F-16F7-4668-BE54-9A1E7A4F7556}") = "Infrastructure", "Infrastructure\Infrastructure.csproj", "{801CB380-A685-40FB-8EE0-7A8FFDF67C76}"
EndProject
Project("{9A19103F-16F7-4668-BE54-9A1E7A4F7556}") = "Persistence", "Persistence\Persistence.csproj", "{28BED0E4-2592-49B3-BF94-BE4309CA0E1B}"
EndProject
Project("{9A19103F-16F7-4668-BE54-9A1E7A4F7556}") = "API", "API\API.csproj", "{863EB947-64FB-4B30-8A4B-93FB561E7317}"
EndProject
Project("{9A19103F-16F7-4668-BE54-9A1E7A4F7556}") = "UnitTest", "test\UnitTest\UnitTest.csproj", "{E3908613-9E4A-4835-B9E5-2A89E03FFCEC}"
EndProject
Project("{9A19103F-16F7-4668-BE54-9A1E7A4F7556}") = "TaxCalculationUI", "TaxCalculationUI\TaxCalculationUI.csproj", "{35008D3C-A235-4652-BF8F-3C99DAA181FD}"
EndProject
Global
	GlobalSection(SolutionConfigurationPlatforms) = preSolution
		Debug|Any CPU = Debug|Any CPU
		Release|Any CPU = Release|Any CPU
	EndGlobalSection
	GlobalSection(ProjectConfigurationPlatforms) = postSolution
		{92BC5426-BC29-40CA-A9CC-1D623EB3D09E}.Debug|Any CPU.ActiveCfg = Debug|Any CPU
		{92BC5426-BC29-40CA-A9CC-1D623EB3D09E}.Debug|Any CPU.Build.0 = Debug|Any CPU
		{92BC5426-BC29-40CA-A9CC-1D623EB3D09E}.Release|Any CPU.ActiveCfg = Release|Any CPU
		{92BC5426-BC29-40CA-A9CC-1D623EB3D09E}.Release|Any CPU.Build.0 = Release|Any CPU
		{B8E322F4-3CDC-4CEC-8C36-E1E2EA5CFCC9}.Debug|Any CPU.ActiveCfg = Debug|Any CPU
		{B8E322F4-3CDC-4CEC-8C36-E1E2EA5CFCC9}.Debug|Any CPU.Build.0 = Debug|Any CPU
		{B8E322F4-3CDC-4CEC-8C36-E1E2EA5CFCC9}.Release|Any CPU.ActiveCfg = Release|Any CPU
		{B8E322F4-3CDC-4CEC-8C36-E1E2EA5CFCC9}.Release|Any CPU.Build.0 = Release|Any CPU
		{801CB380-A685-40FB-8EE0-7A8FFDF67C76}.Debug|Any CPU.ActiveCfg = Debug|Any CPU
		{801CB380-A685-40FB-8EE0-7A8FFDF67C76}.Debug|Any CPU.Build.0 = Debug|Any CPU
		{801CB380-A685-40FB-8EE0-7A8FFDF67C76}.Release|Any CPU.ActiveCfg = Release|Any CPU
		{801CB380-A685-40FB-8EE0-7A8FFDF67C76}.Release|Any CPU.Build.0 = Release|Any CPU
		{28BED0E4-2592-49B3-BF94-BE4309CA0E1B}.Debug|Any CPU.ActiveCfg = Debug|Any CPU
		{28BED0E4-2592-49B3-BF94-BE4309CA0E1B}.Debug|Any CPU.Build.0 = Debug|Any CPU
		{28BED0E4-2592-49B3-BF94-BE4309CA0E1B}.Release|Any CPU.ActiveCfg = Release|Any CPU
		{28BED0E4-2592-49B3-BF94-BE4309CA0E1B}.Release|Any CPU.Build.0 = Release|Any CPU
		{863EB947-64FB-4B30-8A4B-93FB561E7317}.Debug|Any CPU.ActiveCfg = Debug|Any CPU
		{863EB947-64FB-4B30-8A4B-93FB561E7317}.Debug|Any CPU.Build.0 = Debug|Any CPU
		{863EB947-64FB-4B30-8A4B-93FB561E7317}.Release|Any CPU.ActiveCfg = Release|Any CPU
		{863EB947-64FB-4B30-8A4B-93FB561E7317}.Release|Any CPU.Build.0 = Release|Any CPU
		{E3908613-9E4A-4835-B9E5-2A89E03FFCEC}.Debug|Any CPU.ActiveCfg = Debug|Any CPU
		{E3908613-9E4A-4835-B9E5-2A89E03FFCEC}.Debug|Any CPU.Build.0 = Debug|Any CPU
		{E3908613-9E4A-4835-B9E5-2A89E03FFCEC}.Release|Any CPU.ActiveCfg = Release|Any CPU
		{E3908613-9E4A-4835-B9E5-2A89E03FFCEC}.Release|Any CPU.Build.0 = Release|Any CPU
		{35008D3C-A235-4652-BF8F-3C99DAA181FD}.Debug|Any CPU.ActiveCfg = Debug|Any CPU
		{35008D3C-A235-4652-BF8F-3C99DAA181FD}.Debug|Any CPU.Build.0 = Debug|Any CPU
		{35008D3C-A235-4652-BF8F-3C99DAA181FD}.Release|Any CPU.ActiveCfg = Release|Any CPU
		{35008D3C-A235-4652-BF8F-3C99DAA181FD}.Release|Any CPU.Build.0 = Release|Any CPU
	EndGlobalSection
	GlobalSection(SolutionProperties) = preSolution
		HideSolutionNode = FALSE
	EndGlobalSection
	GlobalSection(NestedProjects) = preSolution
		{B7340AF2-69F2-4AC2-A4A7-BD142773E6C5} = {37F495D0-E9D8-4D89-BB68-16D7E9E1ADD4}
		{EECE4F86-3B9F-48C0-8E87-BA65E004AC4E} = {37F495D0-E9D8-4D89-BB68-16D7E9E1ADD4}
		{C9A665C7-F1AC-4A25-9056-E97AA4752D27} = {37F495D0-E9D8-4D89-BB68-16D7E9E1ADD4}
		{3A7A8139-C08E-4DFD-A51A-9C7184B50C39} = {37F495D0-E9D8-4D89-BB68-16D7E9E1ADD4}
		{92BC5426-BC29-40CA-A9CC-1D623EB3D09E} = {EECE4F86-3B9F-48C0-8E87-BA65E004AC4E}
		{B8E322F4-3CDC-4CEC-8C36-E1E2EA5CFCC9} = {EECE4F86-3B9F-48C0-8E87-BA65E004AC4E}
		{801CB380-A685-40FB-8EE0-7A8FFDF67C76} = {3A7A8139-C08E-4DFD-A51A-9C7184B50C39}
		{28BED0E4-2592-49B3-BF94-BE4309CA0E1B} = {3A7A8139-C08E-4DFD-A51A-9C7184B50C39}
		{863EB947-64FB-4B30-8A4B-93FB561E7317} = {C9A665C7-F1AC-4A25-9056-E97AA4752D27}
		{E3908613-9E4A-4835-B9E5-2A89E03FFCEC} = {CA2557AD-5422-41C0-BC53-6F24C9BCA2A4}
		{35008D3C-A235-4652-BF8F-3C99DAA181FD} = {B7340AF2-69F2-4AC2-A4A7-BD142773E6C5}
	EndGlobalSection
	GlobalSection(ExtensibilityGlobals) = postSolution
		SolutionGuid = {1DF70E7D-18BB-4ED8-9B8F-E8098895C9D0}
	EndGlobalSection
EndGlobal
